
Microsoft Visual Studio Solution File, Format Version 12.00
# Visual Studio 2012
Project("{FAE04EC0-301F-11D3-BF4B-00C04F79EFBC}") = "NearForms.iOS", "NearForms.iOS.csproj", "{3D0BD928-54FF-4536-9BA0-1A5539DB8325}"
EndProject
Global
	GlobalSection(SolutionConfigurationPlatforms) = preSolution
		Debug|iPhoneSimulator = Debug|iPhoneSimulator
		Release|iPhone = Release|iPhone
		Release|iPhoneSimulator = Release|iPhoneSimulator
		Debug|iPhone = Debug|iPhone
	EndGlobalSection
	GlobalSection(ProjectConfigurationPlatforms) = postSolution
		{3D0BD928-54FF-4536-9BA0-1A5539DB8325}.Debug|iPhoneSimulator.ActiveCfg = Debug|iPhoneSimulator
		{3D0BD928-54FF-4536-9BA0-1A5539DB8325}.Debug|iPhoneSimulator.Build.0 = Debug|iPhoneSimulator
		{3D0BD928-54FF-4536-9BA0-1A5539DB8325}.Release|iPhone.ActiveCfg = Release|iPhone
		{3D0BD928-54FF-4536-9BA0-1A5539DB8325}.Release|iPhone.Build.0 = Release|iPhone
		{3D0BD928-54FF-4536-9BA0-1A5539DB8325}.Release|iPhoneSimulator.ActiveCfg = Release|iPhoneSimulator
		{3D0BD928-54FF-4536-9BA0-1A5539DB8325}.Release|iPhoneSimulator.Build.0 = Release|iPhoneSimulator
		{3D0BD928-54FF-4536-9BA0-1A5539DB8325}.Debug|iPhone.ActiveCfg = Debug|iPhone
		{3D0BD928-54FF-4536-9BA0-1A5539DB8325}.Debug|iPhone.Build.0 = Debug|iPhone
	EndGlobalSection
EndGlobal
