
Microsoft Visual Studio Solution File, Format Version 12.00
# Visual Studio 2012
Project("{FAE04EC0-301F-11D3-BF4B-00C04F79EFBC}") = "XamarinBridge.Droid", "Droid\XamarinBridge.Droid\XamarinBridge.Droid.csproj", "{0ACDC283-40EA-4769-821E-759594347EC5}"
EndProject
Project("{FAE04EC0-301F-11D3-BF4B-00C04F79EFBC}") = "XamarinBridge.PCL", "XamarinBridge.PCL\XamarinBridge.PCL.csproj", "{A44F7082-2621-4EC9-94CC-CE6B22D303E8}"
EndProject
Project("{FAE04EC0-301F-11D3-BF4B-00C04F79EFBC}") = "NearBridge", "NearBridge\NearBridge.csproj", "{CFCA42F7-17CF-4B06-A479-4DF17C4B135F}"
EndProject
Project("{FAE04EC0-301F-11D3-BF4B-00C04F79EFBC}") = "iOS-Tests", "iOS-Tests\iOS-Tests.csproj", "{2AD0C961-7195-44FE-A1D4-F14C5BD2D8D6}"
EndProject
Project("{FAE04EC0-301F-11D3-BF4B-00C04F79EFBC}") = "Android-Tests", "Android-Tests\Android-Tests.csproj", "{8E2A5C88-1A1C-4610-9FE1-505F625D5E8C}"
EndProject
Global
	GlobalSection(SolutionConfigurationPlatforms) = preSolution
		Debug|iPhoneSimulator = Debug|iPhoneSimulator
		Release|iPhone = Release|iPhone
		Release|iPhoneSimulator = Release|iPhoneSimulator
		Debug|iPhone = Debug|iPhone
		Debug|Any CPU = Debug|Any CPU
		Release|Any CPU = Release|Any CPU
	EndGlobalSection
	GlobalSection(ProjectConfigurationPlatforms) = postSolution
		{0ACDC283-40EA-4769-821E-759594347EC5}.Debug|iPhoneSimulator.ActiveCfg = Debug|Any CPU
		{0ACDC283-40EA-4769-821E-759594347EC5}.Debug|iPhoneSimulator.Build.0 = Debug|Any CPU
		{0ACDC283-40EA-4769-821E-759594347EC5}.Release|iPhone.ActiveCfg = Release|Any CPU
		{0ACDC283-40EA-4769-821E-759594347EC5}.Release|iPhone.Build.0 = Release|Any CPU
		{0ACDC283-40EA-4769-821E-759594347EC5}.Release|iPhoneSimulator.ActiveCfg = Release|Any CPU
		{0ACDC283-40EA-4769-821E-759594347EC5}.Release|iPhoneSimulator.Build.0 = Release|Any CPU
		{0ACDC283-40EA-4769-821E-759594347EC5}.Debug|iPhone.ActiveCfg = Debug|Any CPU
		{0ACDC283-40EA-4769-821E-759594347EC5}.Debug|iPhone.Build.0 = Debug|Any CPU
		{0ACDC283-40EA-4769-821E-759594347EC5}.Debug|Any CPU.ActiveCfg = Debug|Any CPU
		{0ACDC283-40EA-4769-821E-759594347EC5}.Debug|Any CPU.Build.0 = Debug|Any CPU
		{0ACDC283-40EA-4769-821E-759594347EC5}.Release|Any CPU.ActiveCfg = Release|Any CPU
		{0ACDC283-40EA-4769-821E-759594347EC5}.Release|Any CPU.Build.0 = Release|Any CPU
		{A44F7082-2621-4EC9-94CC-CE6B22D303E8}.Debug|iPhoneSimulator.ActiveCfg = Debug|Any CPU
		{A44F7082-2621-4EC9-94CC-CE6B22D303E8}.Debug|iPhoneSimulator.Build.0 = Debug|Any CPU
		{A44F7082-2621-4EC9-94CC-CE6B22D303E8}.Release|iPhone.ActiveCfg = Release|Any CPU
		{A44F7082-2621-4EC9-94CC-CE6B22D303E8}.Release|iPhone.Build.0 = Release|Any CPU
		{A44F7082-2621-4EC9-94CC-CE6B22D303E8}.Release|iPhoneSimulator.ActiveCfg = Release|Any CPU
		{A44F7082-2621-4EC9-94CC-CE6B22D303E8}.Release|iPhoneSimulator.Build.0 = Release|Any CPU
		{A44F7082-2621-4EC9-94CC-CE6B22D303E8}.Debug|iPhone.ActiveCfg = Debug|Any CPU
		{A44F7082-2621-4EC9-94CC-CE6B22D303E8}.Debug|iPhone.Build.0 = Debug|Any CPU
		{A44F7082-2621-4EC9-94CC-CE6B22D303E8}.Debug|Any CPU.ActiveCfg = Debug|Any CPU
		{A44F7082-2621-4EC9-94CC-CE6B22D303E8}.Debug|Any CPU.Build.0 = Debug|Any CPU
		{A44F7082-2621-4EC9-94CC-CE6B22D303E8}.Release|Any CPU.ActiveCfg = Release|Any CPU
		{A44F7082-2621-4EC9-94CC-CE6B22D303E8}.Release|Any CPU.Build.0 = Release|Any CPU
		{CFCA42F7-17CF-4B06-A479-4DF17C4B135F}.Debug|iPhoneSimulator.ActiveCfg = Debug|Any CPU
		{CFCA42F7-17CF-4B06-A479-4DF17C4B135F}.Debug|iPhoneSimulator.Build.0 = Debug|Any CPU
		{CFCA42F7-17CF-4B06-A479-4DF17C4B135F}.Release|iPhone.ActiveCfg = Release|Any CPU
		{CFCA42F7-17CF-4B06-A479-4DF17C4B135F}.Release|iPhone.Build.0 = Release|Any CPU
		{CFCA42F7-17CF-4B06-A479-4DF17C4B135F}.Release|iPhoneSimulator.ActiveCfg = Release|Any CPU
		{CFCA42F7-17CF-4B06-A479-4DF17C4B135F}.Release|iPhoneSimulator.Build.0 = Release|Any CPU
		{CFCA42F7-17CF-4B06-A479-4DF17C4B135F}.Debug|iPhone.ActiveCfg = Debug|Any CPU
		{CFCA42F7-17CF-4B06-A479-4DF17C4B135F}.Debug|iPhone.Build.0 = Debug|Any CPU
		{CFCA42F7-17CF-4B06-A479-4DF17C4B135F}.Debug|Any CPU.ActiveCfg = Debug|Any CPU
		{CFCA42F7-17CF-4B06-A479-4DF17C4B135F}.Debug|Any CPU.Build.0 = Debug|Any CPU
		{CFCA42F7-17CF-4B06-A479-4DF17C4B135F}.Release|Any CPU.ActiveCfg = Release|Any CPU
		{CFCA42F7-17CF-4B06-A479-4DF17C4B135F}.Release|Any CPU.Build.0 = Release|Any CPU
		{2AD0C961-7195-44FE-A1D4-F14C5BD2D8D6}.Debug|iPhoneSimulator.ActiveCfg = Debug|iPhoneSimulator
		{2AD0C961-7195-44FE-A1D4-F14C5BD2D8D6}.Debug|iPhoneSimulator.Build.0 = Debug|iPhoneSimulator
		{2AD0C961-7195-44FE-A1D4-F14C5BD2D8D6}.Release|iPhone.ActiveCfg = Release|iPhone
		{2AD0C961-7195-44FE-A1D4-F14C5BD2D8D6}.Release|iPhone.Build.0 = Release|iPhone
		{2AD0C961-7195-44FE-A1D4-F14C5BD2D8D6}.Release|iPhoneSimulator.ActiveCfg = Release|iPhoneSimulator
		{2AD0C961-7195-44FE-A1D4-F14C5BD2D8D6}.Release|iPhoneSimulator.Build.0 = Release|iPhoneSimulator
		{2AD0C961-7195-44FE-A1D4-F14C5BD2D8D6}.Debug|iPhone.ActiveCfg = Debug|iPhone
		{2AD0C961-7195-44FE-A1D4-F14C5BD2D8D6}.Debug|iPhone.Build.0 = Debug|iPhone
		{2AD0C961-7195-44FE-A1D4-F14C5BD2D8D6}.Debug|Any CPU.ActiveCfg = Debug|iPhoneSimulator
		{2AD0C961-7195-44FE-A1D4-F14C5BD2D8D6}.Debug|Any CPU.Build.0 = Debug|iPhoneSimulator
		{2AD0C961-7195-44FE-A1D4-F14C5BD2D8D6}.Release|Any CPU.ActiveCfg = Release|iPhone
		{2AD0C961-7195-44FE-A1D4-F14C5BD2D8D6}.Release|Any CPU.Build.0 = Release|iPhone
		{8E2A5C88-1A1C-4610-9FE1-505F625D5E8C}.Debug|iPhoneSimulator.ActiveCfg = Debug|Any CPU
		{8E2A5C88-1A1C-4610-9FE1-505F625D5E8C}.Debug|iPhoneSimulator.Build.0 = Debug|Any CPU
		{8E2A5C88-1A1C-4610-9FE1-505F625D5E8C}.Release|iPhone.ActiveCfg = Release|Any CPU
		{8E2A5C88-1A1C-4610-9FE1-505F625D5E8C}.Release|iPhone.Build.0 = Release|Any CPU
		{8E2A5C88-1A1C-4610-9FE1-505F625D5E8C}.Release|iPhoneSimulator.ActiveCfg = Release|Any CPU
		{8E2A5C88-1A1C-4610-9FE1-505F625D5E8C}.Release|iPhoneSimulator.Build.0 = Release|Any CPU
		{8E2A5C88-1A1C-4610-9FE1-505F625D5E8C}.Debug|iPhone.ActiveCfg = Debug|Any CPU
		{8E2A5C88-1A1C-4610-9FE1-505F625D5E8C}.Debug|iPhone.Build.0 = Debug|Any CPU
		{8E2A5C88-1A1C-4610-9FE1-505F625D5E8C}.Debug|Any CPU.ActiveCfg = Debug|Any CPU
		{8E2A5C88-1A1C-4610-9FE1-505F625D5E8C}.Debug|Any CPU.Build.0 = Debug|Any CPU
		{8E2A5C88-1A1C-4610-9FE1-505F625D5E8C}.Release|Any CPU.ActiveCfg = Release|Any CPU
		{8E2A5C88-1A1C-4610-9FE1-505F625D5E8C}.Release|Any CPU.Build.0 = Release|Any CPU
	EndGlobalSection
EndGlobal
